
Microsoft Visual Studio Solution File, Format Version 11.00
# Visual Studio 2010
Project("{8BC9CEB8-8B4A-11D0-8D11-00A0C91BC942}") = "LuaJIT-2.0.1", "LuaJIT-2.0.1\LuaJIT-2.0.1.vcxproj", "{376DDFD7-C5BC-4679-A67C-C5423300D8AF}"
EndProject
Project("{8BC9CEB8-8B4A-11D0-8D11-00A0C91BC942}") = "luabind-0.9.1", "luabind-0.9.1\luabind-0.9.1.vcxproj", "{2DC5CF43-7653-4163-B5DE-DF106D78C6E0}"
	ProjectSection(ProjectDependencies) = postProject
		{376DDFD7-C5BC-4679-A67C-C5423300D8AF} = {376DDFD7-C5BC-4679-A67C-C5423300D8AF}
	EndProjectSection
EndProject
Project("{8BC9CEB8-8B4A-11D0-8D11-00A0C91BC942}") = "greet1", "greet1\greet1.vcxproj", "{A399AE15-B57F-49D0-AB07-6A88058A51C3}"
	ProjectSection(ProjectDependencies) = postProject
		{2DC5CF43-7653-4163-B5DE-DF106D78C6E0} = {2DC5CF43-7653-4163-B5DE-DF106D78C6E0}
		{376DDFD7-C5BC-4679-A67C-C5423300D8AF} = {376DDFD7-C5BC-4679-A67C-C5423300D8AF}
	EndProjectSection
EndProject
Project("{8BC9CEB8-8B4A-11D0-8D11-00A0C91BC942}") = "visa32", "visa32\visa32.vcxproj", "{A1540BDA-7486-471F-B70E-692327A4BA20}"
EndProject
Project("{8BC9CEB8-8B4A-11D0-8D11-00A0C91BC942}") = "lb_call_function", "lb_call_function\lb_call_function.vcxproj", "{78F25620-B860-4F23-B700-B851BFC61033}"
EndProject
Project("{8BC9CEB8-8B4A-11D0-8D11-00A0C91BC942}") = "load_visa", "load_visa\load_visa.vcxproj", "{AF2B7AFC-3E74-474A-AB16-54FE04C1DD0D}"
EndProject
Project("{8BC9CEB8-8B4A-11D0-8D11-00A0C91BC942}") = "test_object", "test_object\test_object.vcxproj", "{88406230-7A00-4819-8C97-26F28596C7C7}"
EndProject
Project("{8BC9CEB8-8B4A-11D0-8D11-00A0C91BC942}") = "resource_manager", "resource_manager\resource_manager.vcxproj", "{3B2D24BC-33F6-4311-9F68-EA3A17C01D70}"
EndProject
Global
	GlobalSection(SolutionConfigurationPlatforms) = preSolution
		Debug|Win32 = Debug|Win32
		Release|Win32 = Release|Win32
	EndGlobalSection
	GlobalSection(ProjectConfigurationPlatforms) = postSolution
		{376DDFD7-C5BC-4679-A67C-C5423300D8AF}.Debug|Win32.ActiveCfg = Debug|Win32
		{376DDFD7-C5BC-4679-A67C-C5423300D8AF}.Debug|Win32.Build.0 = Debug|Win32
		{376DDFD7-C5BC-4679-A67C-C5423300D8AF}.Release|Win32.ActiveCfg = Release|Win32
		{376DDFD7-C5BC-4679-A67C-C5423300D8AF}.Release|Win32.Build.0 = Release|Win32
		{2DC5CF43-7653-4163-B5DE-DF106D78C6E0}.Debug|Win32.ActiveCfg = Debug|Win32
		{2DC5CF43-7653-4163-B5DE-DF106D78C6E0}.Debug|Win32.Build.0 = Debug|Win32
		{2DC5CF43-7653-4163-B5DE-DF106D78C6E0}.Release|Win32.ActiveCfg = Release|Win32
		{2DC5CF43-7653-4163-B5DE-DF106D78C6E0}.Release|Win32.Build.0 = Release|Win32
		{A399AE15-B57F-49D0-AB07-6A88058A51C3}.Debug|Win32.ActiveCfg = Debug|Win32
		{A399AE15-B57F-49D0-AB07-6A88058A51C3}.Debug|Win32.Build.0 = Debug|Win32
		{A399AE15-B57F-49D0-AB07-6A88058A51C3}.Release|Win32.ActiveCfg = Release|Win32
		{A399AE15-B57F-49D0-AB07-6A88058A51C3}.Release|Win32.Build.0 = Release|Win32
		{A1540BDA-7486-471F-B70E-692327A4BA20}.Debug|Win32.ActiveCfg = Debug|Win32
		{A1540BDA-7486-471F-B70E-692327A4BA20}.Debug|Win32.Build.0 = Debug|Win32
		{A1540BDA-7486-471F-B70E-692327A4BA20}.Release|Win32.ActiveCfg = Release|Win32
		{A1540BDA-7486-471F-B70E-692327A4BA20}.Release|Win32.Build.0 = Release|Win32
		{78F25620-B860-4F23-B700-B851BFC61033}.Debug|Win32.ActiveCfg = Debug|Win32
		{78F25620-B860-4F23-B700-B851BFC61033}.Debug|Win32.Build.0 = Debug|Win32
		{78F25620-B860-4F23-B700-B851BFC61033}.Release|Win32.ActiveCfg = Release|Win32
		{78F25620-B860-4F23-B700-B851BFC61033}.Release|Win32.Build.0 = Release|Win32
		{AF2B7AFC-3E74-474A-AB16-54FE04C1DD0D}.Debug|Win32.ActiveCfg = Debug|Win32
		{AF2B7AFC-3E74-474A-AB16-54FE04C1DD0D}.Debug|Win32.Build.0 = Debug|Win32
		{AF2B7AFC-3E74-474A-AB16-54FE04C1DD0D}.Release|Win32.ActiveCfg = Release|Win32
		{AF2B7AFC-3E74-474A-AB16-54FE04C1DD0D}.Release|Win32.Build.0 = Release|Win32
		{88406230-7A00-4819-8C97-26F28596C7C7}.Debug|Win32.ActiveCfg = Debug|Win32
		{88406230-7A00-4819-8C97-26F28596C7C7}.Debug|Win32.Build.0 = Debug|Win32
		{88406230-7A00-4819-8C97-26F28596C7C7}.Release|Win32.ActiveCfg = Release|Win32
		{88406230-7A00-4819-8C97-26F28596C7C7}.Release|Win32.Build.0 = Release|Win32
		{3B2D24BC-33F6-4311-9F68-EA3A17C01D70}.Debug|Win32.ActiveCfg = Debug|Win32
		{3B2D24BC-33F6-4311-9F68-EA3A17C01D70}.Debug|Win32.Build.0 = Debug|Win32
		{3B2D24BC-33F6-4311-9F68-EA3A17C01D70}.Release|Win32.ActiveCfg = Release|Win32
		{3B2D24BC-33F6-4311-9F68-EA3A17C01D70}.Release|Win32.Build.0 = Release|Win32
	EndGlobalSection
	GlobalSection(SolutionProperties) = preSolution
		HideSolutionNode = FALSE
	EndGlobalSection
EndGlobal
