<?xml version="1.0" encoding="utf-8"?>
<Project ToolsVersion="4.0" xmlns="http://schemas.microsoft.com/developer/msbuild/2003">
  <ItemGroup>
    <ClCompile Include="..\test\qlua-test.cpp">
      <Filter>Source Files</Filter>
    </ClCompile>
    <ClCompile Include="test\moc_TestObject.cxx">
      <Filter>Source Files</Filter>
    </ClCompile>
  </ItemGroup>
  <ItemGroup>
    <ClInclude Include="..\test\TestObject.h">
      <Filter>Header Files</Filter>
    </ClInclude>
  </ItemGroup>
  <ItemGroup>
    <CustomBuild Include="..\CMakeLists.txt" />
    <CustomBuild Include="CMakeFiles\cd2b9656248f826c4e23a8a6452f459c\moc_TestObject.cxx.rule">
      <Filter>CMake Rules</Filter>
    </CustomBuild>
  </ItemGroup>
  <ItemGroup>
    <Filter Include="Source Files">
      <UniqueIdentifier>{D76AF19A-F701-45FF-96DA-94270568C6D8}</UniqueIdentifier>
    </Filter>
    <Filter Include="Header Files">
      <UniqueIdentifier>{4FB66287-FDE6-40F0-B6BF-B60C9403E279}</UniqueIdentifier>
    </Filter>
    <Filter Include="CMake Rules">
      <UniqueIdentifier>{594250B8-C28A-45B4-9C5B-DA5E014284B0}</UniqueIdentifier>
    </Filter>
  </ItemGroup>
</Project>